# This file is automatically @generated by Cargo.
# It is not intended for manual editing.
version = 3

[[package]]
name = "anyhow"
version = "1.0.75"
source = "registry+https://github.com/rust-lang/crates.io-index"
checksum = "a4668cab20f66d8d020e1fbc0ebe47217433c1b6c8f2040faf858554e394ace6"

[[package]]
name = "cydonia"
version = "0.0.4"
dependencies = [
 "anyhow",
 "vsop87",
]

[[package]]
name = "vsop87"
version = "2.1.0"
source = "registry+https://github.com/rust-lang/crates.io-index"
checksum = "23433e32021bf1723af8a97a91a0a0968114529dec5cdb8ee2bef9ce60202ffb"
